
Microsoft Visual Studio Solution File, Format Version 12.00
# Visual Studio 15
VisualStudioVersion = 15.0.28307.539
MinimumVisualStudioVersion = 10.0.40219.1
Project("{FAE04EC0-301F-11D3-BF4B-00C04F79EFBC}") = "CmsShoppingCart", "CmsShoppingCart\CmsShoppingCart.csproj", "{8F9678E9-B9C6-4BAE-A307-5684AB11954F}"
EndProject
Global
	GlobalSection(SolutionConfigurationPlatforms) = preSolution
		Debug|Any CPU = Debug|Any CPU
		Release|Any CPU = Release|Any CPU
	EndGlobalSection
	GlobalSection(ProjectConfigurationPlatforms) = postSolution
		{8F9678E9-B9C6-4BAE-A307-5684AB11954F}.Debug|Any CPU.ActiveCfg = Debug|Any CPU
		{8F9678E9-B9C6-4BAE-A307-5684AB11954F}.Debug|Any CPU.Build.0 = Debug|Any CPU
		{8F9678E9-B9C6-4BAE-A307-5684AB11954F}.Release|Any CPU.ActiveCfg = Release|Any CPU
		{8F9678E9-B9C6-4BAE-A307-5684AB11954F}.Release|Any CPU.Build.0 = Release|Any CPU
	EndGlobalSection
	GlobalSection(SolutionProperties) = preSolution
		HideSolutionNode = FALSE
	EndGlobalSection
	GlobalSection(ExtensibilityGlobals) = postSolution
		SolutionGuid = {E05BF0E3-0D2D-4E4E-8656-CB29C6084CAA}
	EndGlobalSection
EndGlobal
